
Microsoft Visual Studio Solution File, Format Version 12.00
# Visual Studio 14
VisualStudioVersion = 14.0.23107.0
MinimumVisualStudioVersion = 10.0.40219.1
Project("{FAE04EC0-301F-11D3-BF4B-00C04F79EFBC}") = "TiendaWebApp", "TiendaWebApp\TiendaWebApp.csproj", "{B577F3D5-71A1-41FB-A019-8C2B0AF9B117}"
EndProject
Project("{FAE04EC0-301F-11D3-BF4B-00C04F79EFBC}") = "TiendaWebApp.Tests", "TiendaWebApp.Tests\TiendaWebApp.Tests.csproj", "{E43C3185-5EAF-4505-9079-9881F1D08F34}"
EndProject
Project("{FAE04EC0-301F-11D3-BF4B-00C04F79EFBC}") = "TiendaRepository", "TiendaRepository\TiendaRepository.csproj", "{F380DDEC-DE34-458D-A821-DFDB3F613E4E}"
EndProject
Project("{FAE04EC0-301F-11D3-BF4B-00C04F79EFBC}") = "TiendaRepositoryTest", "TiendaRepositoryTest\TiendaRepositoryTest.csproj", "{97D793F7-C6B9-4243-9C5D-26ECEA0B9427}"
EndProject
Global
	GlobalSection(SolutionConfigurationPlatforms) = preSolution
		Debug|Any CPU = Debug|Any CPU
		Debug|ARM = Debug|ARM
		Debug|x64 = Debug|x64
		Debug|x86 = Debug|x86
		Release|Any CPU = Release|Any CPU
		Release|ARM = Release|ARM
		Release|x64 = Release|x64
		Release|x86 = Release|x86
	EndGlobalSection
	GlobalSection(ProjectConfigurationPlatforms) = postSolution
		{B577F3D5-71A1-41FB-A019-8C2B0AF9B117}.Debug|Any CPU.ActiveCfg = Debug|Any CPU
		{B577F3D5-71A1-41FB-A019-8C2B0AF9B117}.Debug|Any CPU.Build.0 = Debug|Any CPU
		{B577F3D5-71A1-41FB-A019-8C2B0AF9B117}.Debug|ARM.ActiveCfg = Debug|Any CPU
		{B577F3D5-71A1-41FB-A019-8C2B0AF9B117}.Debug|ARM.Build.0 = Debug|Any CPU
		{B577F3D5-71A1-41FB-A019-8C2B0AF9B117}.Debug|x64.ActiveCfg = Debug|Any CPU
		{B577F3D5-71A1-41FB-A019-8C2B0AF9B117}.Debug|x64.Build.0 = Debug|Any CPU
		{B577F3D5-71A1-41FB-A019-8C2B0AF9B117}.Debug|x86.ActiveCfg = Debug|Any CPU
		{B577F3D5-71A1-41FB-A019-8C2B0AF9B117}.Debug|x86.Build.0 = Debug|Any CPU
		{B577F3D5-71A1-41FB-A019-8C2B0AF9B117}.Release|Any CPU.ActiveCfg = Release|Any CPU
		{B577F3D5-71A1-41FB-A019-8C2B0AF9B117}.Release|Any CPU.Build.0 = Release|Any CPU
		{B577F3D5-71A1-41FB-A019-8C2B0AF9B117}.Release|ARM.ActiveCfg = Release|Any CPU
		{B577F3D5-71A1-41FB-A019-8C2B0AF9B117}.Release|ARM.Build.0 = Release|Any CPU
		{B577F3D5-71A1-41FB-A019-8C2B0AF9B117}.Release|x64.ActiveCfg = Release|Any CPU
		{B577F3D5-71A1-41FB-A019-8C2B0AF9B117}.Release|x64.Build.0 = Release|Any CPU
		{B577F3D5-71A1-41FB-A019-8C2B0AF9B117}.Release|x86.ActiveCfg = Release|Any CPU
		{B577F3D5-71A1-41FB-A019-8C2B0AF9B117}.Release|x86.Build.0 = Release|Any CPU
		{E43C3185-5EAF-4505-9079-9881F1D08F34}.Debug|Any CPU.ActiveCfg = Debug|Any CPU
		{E43C3185-5EAF-4505-9079-9881F1D08F34}.Debug|Any CPU.Build.0 = Debug|Any CPU
		{E43C3185-5EAF-4505-9079-9881F1D08F34}.Debug|ARM.ActiveCfg = Debug|Any CPU
		{E43C3185-5EAF-4505-9079-9881F1D08F34}.Debug|ARM.Build.0 = Debug|Any CPU
		{E43C3185-5EAF-4505-9079-9881F1D08F34}.Debug|x64.ActiveCfg = Debug|Any CPU
		{E43C3185-5EAF-4505-9079-9881F1D08F34}.Debug|x64.Build.0 = Debug|Any CPU
		{E43C3185-5EAF-4505-9079-9881F1D08F34}.Debug|x86.ActiveCfg = Debug|Any CPU
		{E43C3185-5EAF-4505-9079-9881F1D08F34}.Debug|x86.Build.0 = Debug|Any CPU
		{E43C3185-5EAF-4505-9079-9881F1D08F34}.Release|Any CPU.ActiveCfg = Release|Any CPU
		{E43C3185-5EAF-4505-9079-9881F1D08F34}.Release|Any CPU.Build.0 = Release|Any CPU
		{E43C3185-5EAF-4505-9079-9881F1D08F34}.Release|ARM.ActiveCfg = Release|Any CPU
		{E43C3185-5EAF-4505-9079-9881F1D08F34}.Release|ARM.Build.0 = Release|Any CPU
		{E43C3185-5EAF-4505-9079-9881F1D08F34}.Release|x64.ActiveCfg = Release|Any CPU
		{E43C3185-5EAF-4505-9079-9881F1D08F34}.Release|x64.Build.0 = Release|Any CPU
		{E43C3185-5EAF-4505-9079-9881F1D08F34}.Release|x86.ActiveCfg = Release|Any CPU
		{E43C3185-5EAF-4505-9079-9881F1D08F34}.Release|x86.Build.0 = Release|Any CPU
		{F380DDEC-DE34-458D-A821-DFDB3F613E4E}.Debug|Any CPU.ActiveCfg = Debug|Any CPU
		{F380DDEC-DE34-458D-A821-DFDB3F613E4E}.Debug|Any CPU.Build.0 = Debug|Any CPU
		{F380DDEC-DE34-458D-A821-DFDB3F613E4E}.Debug|ARM.ActiveCfg = Debug|Any CPU
		{F380DDEC-DE34-458D-A821-DFDB3F613E4E}.Debug|ARM.Build.0 = Debug|Any CPU
		{F380DDEC-DE34-458D-A821-DFDB3F613E4E}.Debug|x64.ActiveCfg = Debug|Any CPU
		{F380DDEC-DE34-458D-A821-DFDB3F613E4E}.Debug|x64.Build.0 = Debug|Any CPU
		{F380DDEC-DE34-458D-A821-DFDB3F613E4E}.Debug|x86.ActiveCfg = Debug|Any CPU
		{F380DDEC-DE34-458D-A821-DFDB3F613E4E}.Debug|x86.Build.0 = Debug|Any CPU
		{F380DDEC-DE34-458D-A821-DFDB3F613E4E}.Release|Any CPU.ActiveCfg = Release|Any CPU
		{F380DDEC-DE34-458D-A821-DFDB3F613E4E}.Release|Any CPU.Build.0 = Release|Any CPU
		{F380DDEC-DE34-458D-A821-DFDB3F613E4E}.Release|ARM.ActiveCfg = Release|Any CPU
		{F380DDEC-DE34-458D-A821-DFDB3F613E4E}.Release|ARM.Build.0 = Release|Any CPU
		{F380DDEC-DE34-458D-A821-DFDB3F613E4E}.Release|x64.ActiveCfg = Release|Any CPU
		{F380DDEC-DE34-458D-A821-DFDB3F613E4E}.Release|x64.Build.0 = Release|Any CPU
		{F380DDEC-DE34-458D-A821-DFDB3F613E4E}.Release|x86.ActiveCfg = Release|Any CPU
		{F380DDEC-DE34-458D-A821-DFDB3F613E4E}.Release|x86.Build.0 = Release|Any CPU
		{97D793F7-C6B9-4243-9C5D-26ECEA0B9427}.Debug|Any CPU.ActiveCfg = Debug|Any CPU
		{97D793F7-C6B9-4243-9C5D-26ECEA0B9427}.Debug|Any CPU.Build.0 = Debug|Any CPU
		{97D793F7-C6B9-4243-9C5D-26ECEA0B9427}.Debug|ARM.ActiveCfg = Debug|Any CPU
		{97D793F7-C6B9-4243-9C5D-26ECEA0B9427}.Debug|ARM.Build.0 = Debug|Any CPU
		{97D793F7-C6B9-4243-9C5D-26ECEA0B9427}.Debug|x64.ActiveCfg = Debug|Any CPU
		{97D793F7-C6B9-4243-9C5D-26ECEA0B9427}.Debug|x64.Build.0 = Debug|Any CPU
		{97D793F7-C6B9-4243-9C5D-26ECEA0B9427}.Debug|x86.ActiveCfg = Debug|Any CPU
		{97D793F7-C6B9-4243-9C5D-26ECEA0B9427}.Debug|x86.Build.0 = Debug|Any CPU
		{97D793F7-C6B9-4243-9C5D-26ECEA0B9427}.Release|Any CPU.ActiveCfg = Release|Any CPU
		{97D793F7-C6B9-4243-9C5D-26ECEA0B9427}.Release|Any CPU.Build.0 = Release|Any CPU
		{97D793F7-C6B9-4243-9C5D-26ECEA0B9427}.Release|ARM.ActiveCfg = Release|Any CPU
		{97D793F7-C6B9-4243-9C5D-26ECEA0B9427}.Release|ARM.Build.0 = Release|Any CPU
		{97D793F7-C6B9-4243-9C5D-26ECEA0B9427}.Release|x64.ActiveCfg = Release|Any CPU
		{97D793F7-C6B9-4243-9C5D-26ECEA0B9427}.Release|x64.Build.0 = Release|Any CPU
		{97D793F7-C6B9-4243-9C5D-26ECEA0B9427}.Release|x86.ActiveCfg = Release|Any CPU
		{97D793F7-C6B9-4243-9C5D-26ECEA0B9427}.Release|x86.Build.0 = Release|Any CPU
	EndGlobalSection
	GlobalSection(SolutionProperties) = preSolution
		HideSolutionNode = FALSE
	EndGlobalSection
EndGlobal
